
Microsoft Visual Studio Solution File, Format Version 12.00
# Visual Studio Version 17
VisualStudioVersion = 17.6.33712.159
MinimumVisualStudioVersion = 10.0.40219.1
Project("{FAE04EC0-301F-11D3-BF4B-00C04F79EFBC}") = "ClashCs", "ClashCs.csproj", "{710188D4-53B8-48BA-ADC9-F0F7F864071F}"
EndProject
Global
	GlobalSection(SolutionConfigurationPlatforms) = preSolution
		Debug|Any CPU = Debug|Any CPU
		Release|Any CPU = Release|Any CPU
	EndGlobalSection
	GlobalSection(ProjectConfigurationPlatforms) = postSolution
		{710188D4-53B8-48BA-ADC9-F0F7F864071F}.Debug|Any CPU.ActiveCfg = Debug|Any CPU
		{710188D4-53B8-48BA-ADC9-F0F7F864071F}.Debug|Any CPU.Build.0 = Debug|Any CPU
		{710188D4-53B8-48BA-ADC9-F0F7F864071F}.Release|Any CPU.ActiveCfg = Release|Any CPU
		{710188D4-53B8-48BA-ADC9-F0F7F864071F}.Release|Any CPU.Build.0 = Release|Any CPU
	EndGlobalSection
	GlobalSection(SolutionProperties) = preSolution
		HideSolutionNode = FALSE
	EndGlobalSection
	GlobalSection(ExtensibilityGlobals) = postSolution
		SolutionGuid = {737EF787-9513-4876-B71A-D2AFF191ED1C}
	EndGlobalSection
EndGlobal
